
Microsoft Visual Studio Solution File, Format Version 12.00
Project("{2150E333-8FDC-42A3-9474-1A3956D46DE8}") = "Services", "Services", "{321B49A3-A7FB-4613-A304-F5AD4506426F}"
EndProject
Project("{2150E333-8FDC-42A3-9474-1A3956D46DE8}") = "WebApps", "WebApps", "{81E7F4C5-99B7-4994-8026-B08175986F0F}"
EndProject
Project("{2150E333-8FDC-42A3-9474-1A3956D46DE8}") = "Cadastros", "Cadastros", "{B12DCE84-7BDC-48F5-8028-9B85C2F613C1}"
EndProject
Project("{2150E333-8FDC-42A3-9474-1A3956D46DE8}") = "Catalogo", "Catalogo", "{032BD3C2-247C-4E30-90E2-05429BF8EBD7}"
EndProject
Project("{2150E333-8FDC-42A3-9474-1A3956D46DE8}") = "Core", "Core", "{732F5C55-2415-4C6E-AADC-10B05B9A2E37}"
EndProject
Project("{2150E333-8FDC-42A3-9474-1A3956D46DE8}") = "Fiscal", "Fiscal", "{A0877233-BC53-4DA7-A1DF-CCAE12899876}"
EndProject
Project("{2150E333-8FDC-42A3-9474-1A3956D46DE8}") = "Pagamentos", "Pagamentos", "{1BDB5D8B-73D5-4A6B-B387-129419BCECFA}"
EndProject
Project("{2150E333-8FDC-42A3-9474-1A3956D46DE8}") = "Vendas", "Vendas", "{02C693FB-C1AE-47B8-9391-9ACFB5F45E96}"
EndProject
Project("{FAE04EC0-301F-11D3-BF4B-00C04F79EFBC}") = "NoobStore.Catalogo.Domain", "src\Services\Catalogo\NoobStore.Catalogo.Domain\NoobStore.Catalogo.Domain.csproj", "{0B8A507F-C61D-4188-8FCC-C1257F51DBD6}"
EndProject
Project("{FAE04EC0-301F-11D3-BF4B-00C04F79EFBC}") = "NoobStore.Core.", "src\Services\Core\NoobStore.Core\NoobStore.Core..csproj", "{0CA5910B-D887-4B58-BBF9-DA1F1942D0F7}"
EndProject
Global
	GlobalSection(SolutionConfigurationPlatforms) = preSolution
		Debug|Any CPU = Debug|Any CPU
		Release|Any CPU = Release|Any CPU
	EndGlobalSection
	GlobalSection(NestedProjects) = preSolution
		{B12DCE84-7BDC-48F5-8028-9B85C2F613C1} = {321B49A3-A7FB-4613-A304-F5AD4506426F}
		{032BD3C2-247C-4E30-90E2-05429BF8EBD7} = {321B49A3-A7FB-4613-A304-F5AD4506426F}
		{732F5C55-2415-4C6E-AADC-10B05B9A2E37} = {321B49A3-A7FB-4613-A304-F5AD4506426F}
		{A0877233-BC53-4DA7-A1DF-CCAE12899876} = {321B49A3-A7FB-4613-A304-F5AD4506426F}
		{1BDB5D8B-73D5-4A6B-B387-129419BCECFA} = {321B49A3-A7FB-4613-A304-F5AD4506426F}
		{02C693FB-C1AE-47B8-9391-9ACFB5F45E96} = {321B49A3-A7FB-4613-A304-F5AD4506426F}
		{0B8A507F-C61D-4188-8FCC-C1257F51DBD6} = {032BD3C2-247C-4E30-90E2-05429BF8EBD7}
		{0CA5910B-D887-4B58-BBF9-DA1F1942D0F7} = {732F5C55-2415-4C6E-AADC-10B05B9A2E37}
	EndGlobalSection
	GlobalSection(ProjectConfigurationPlatforms) = postSolution
		{0B8A507F-C61D-4188-8FCC-C1257F51DBD6}.Debug|Any CPU.ActiveCfg = Debug|Any CPU
		{0B8A507F-C61D-4188-8FCC-C1257F51DBD6}.Debug|Any CPU.Build.0 = Debug|Any CPU
		{0B8A507F-C61D-4188-8FCC-C1257F51DBD6}.Release|Any CPU.ActiveCfg = Release|Any CPU
		{0B8A507F-C61D-4188-8FCC-C1257F51DBD6}.Release|Any CPU.Build.0 = Release|Any CPU
		{0CA5910B-D887-4B58-BBF9-DA1F1942D0F7}.Debug|Any CPU.ActiveCfg = Debug|Any CPU
		{0CA5910B-D887-4B58-BBF9-DA1F1942D0F7}.Debug|Any CPU.Build.0 = Debug|Any CPU
		{0CA5910B-D887-4B58-BBF9-DA1F1942D0F7}.Release|Any CPU.ActiveCfg = Release|Any CPU
		{0CA5910B-D887-4B58-BBF9-DA1F1942D0F7}.Release|Any CPU.Build.0 = Release|Any CPU
	EndGlobalSection
EndGlobal
