
Microsoft Visual Studio Solution File, Format Version 12.00
# Visual Studio Version 16
VisualStudioVersion = 16.0.31005.135
MinimumVisualStudioVersion = 10.0.40219.1
Project("{2150E333-8FDC-42A3-9474-1A3956D46DE8}") = "Services", "Services", "{321B49A3-A7FB-4613-A304-F5AD4506426F}"
EndProject
Project("{2150E333-8FDC-42A3-9474-1A3956D46DE8}") = "WebApps", "WebApps", "{81E7F4C5-99B7-4994-8026-B08175986F0F}"
EndProject
Project("{2150E333-8FDC-42A3-9474-1A3956D46DE8}") = "Cadastros", "Cadastros", "{B12DCE84-7BDC-48F5-8028-9B85C2F613C1}"
EndProject
Project("{2150E333-8FDC-42A3-9474-1A3956D46DE8}") = "Catalogo", "Catalogo", "{032BD3C2-247C-4E30-90E2-05429BF8EBD7}"
EndProject
Project("{2150E333-8FDC-42A3-9474-1A3956D46DE8}") = "Core", "Core", "{732F5C55-2415-4C6E-AADC-10B05B9A2E37}"
EndProject
Project("{2150E333-8FDC-42A3-9474-1A3956D46DE8}") = "Fiscal", "Fiscal", "{A0877233-BC53-4DA7-A1DF-CCAE12899876}"
EndProject
Project("{2150E333-8FDC-42A3-9474-1A3956D46DE8}") = "Pagamentos", "Pagamentos", "{1BDB5D8B-73D5-4A6B-B387-129419BCECFA}"
EndProject
Project("{2150E333-8FDC-42A3-9474-1A3956D46DE8}") = "Vendas", "Vendas", "{02C693FB-C1AE-47B8-9391-9ACFB5F45E96}"
EndProject
Project("{9A19103F-16F7-4668-BE54-9A1E7A4F7556}") = "NoobStore.Catalogo.Domain", "src\Services\Catalogo\NoobStore.Catalogo.Domain\NoobStore.Catalogo.Domain.csproj", "{0B8A507F-C61D-4188-8FCC-C1257F51DBD6}"
EndProject
Project("{9A19103F-16F7-4668-BE54-9A1E7A4F7556}") = "NoobStore.Core", "src\Services\Core\NoobStore.Core\NoobStore.Core.csproj", "{0CA5910B-D887-4B58-BBF9-DA1F1942D0F7}"
EndProject
Project("{2150E333-8FDC-42A3-9474-1A3956D46DE8}") = "Tests", "Tests", "{1713C913-12E2-46D4-99BA-C1E54384AB79}"
EndProject
Project("{9A19103F-16F7-4668-BE54-9A1E7A4F7556}") = "NoobStore.Catalogo.Domain.Tests", "tests\Services\Catalogo\NoobStore.Catalogo.Domain.Tests\NoobStore.Catalogo.Domain.Tests.csproj", "{1DF50C28-F24F-4F02-83D8-A312FEADC8D9}"
EndProject
Project("{9A19103F-16F7-4668-BE54-9A1E7A4F7556}") = "NoobStore.Catalogo.Infra", "src\Services\Catalogo\NoobStore.Catalogo.Infra\NoobStore.Catalogo.Infra.csproj", "{C598905C-381C-42C7-9ABE-BB1DFCCFDDF4}"
EndProject
Project("{9A19103F-16F7-4668-BE54-9A1E7A4F7556}") = "NoobStore.Catalogo.Data", "src\Services\Catalogo\NoobStore.Catalogo.Data\NoobStore.Catalogo.Data.csproj", "{05B7B273-60C6-47BC-BFB2-EA2C96B87273}"
EndProject
Project("{FAE04EC0-301F-11D3-BF4B-00C04F79EFBC}") = "NoobStore.Vendas.Domain", "src\Services\Vendas\NoobStore.Vendas.Domain\NoobStore.Vendas.Domain.csproj", "{E9FB7509-9EC1-4A9F-8C07-8690F35EF425}"
EndProject
Project("{FAE04EC0-301F-11D3-BF4B-00C04F79EFBC}") = "NoobStore.Vendas.Application", "src\Services\Vendas\NoobStore.Vendas.Application\NoobStore.Vendas.Application.csproj", "{AAC1D464-A215-4D59-B85C-5EDB192F29CA}"
EndProject
Project("{FAE04EC0-301F-11D3-BF4B-00C04F79EFBC}") = "NoobStore.Vendas.Data", "src\Services\Vendas\NoobStore.Vendas.Data\NoobStore.Vendas.Data.csproj", "{9A03AF76-A6EA-478A-ADBC-C409CFE98E07}"
EndProject
Global
	GlobalSection(SolutionConfigurationPlatforms) = preSolution
		Debug|Any CPU = Debug|Any CPU
		Release|Any CPU = Release|Any CPU
	EndGlobalSection
	GlobalSection(ProjectConfigurationPlatforms) = postSolution
		{0B8A507F-C61D-4188-8FCC-C1257F51DBD6}.Debug|Any CPU.ActiveCfg = Debug|Any CPU
		{0B8A507F-C61D-4188-8FCC-C1257F51DBD6}.Debug|Any CPU.Build.0 = Debug|Any CPU
		{0B8A507F-C61D-4188-8FCC-C1257F51DBD6}.Release|Any CPU.ActiveCfg = Release|Any CPU
		{0B8A507F-C61D-4188-8FCC-C1257F51DBD6}.Release|Any CPU.Build.0 = Release|Any CPU
		{0CA5910B-D887-4B58-BBF9-DA1F1942D0F7}.Debug|Any CPU.ActiveCfg = Debug|Any CPU
		{0CA5910B-D887-4B58-BBF9-DA1F1942D0F7}.Debug|Any CPU.Build.0 = Debug|Any CPU
		{0CA5910B-D887-4B58-BBF9-DA1F1942D0F7}.Release|Any CPU.ActiveCfg = Release|Any CPU
		{0CA5910B-D887-4B58-BBF9-DA1F1942D0F7}.Release|Any CPU.Build.0 = Release|Any CPU
		{1DF50C28-F24F-4F02-83D8-A312FEADC8D9}.Debug|Any CPU.ActiveCfg = Debug|Any CPU
		{1DF50C28-F24F-4F02-83D8-A312FEADC8D9}.Debug|Any CPU.Build.0 = Debug|Any CPU
		{1DF50C28-F24F-4F02-83D8-A312FEADC8D9}.Release|Any CPU.ActiveCfg = Release|Any CPU
		{1DF50C28-F24F-4F02-83D8-A312FEADC8D9}.Release|Any CPU.Build.0 = Release|Any CPU
		{05B7B273-60C6-47BC-BFB2-EA2C96B87273}.Debug|Any CPU.ActiveCfg = Debug|Any CPU
		{05B7B273-60C6-47BC-BFB2-EA2C96B87273}.Debug|Any CPU.Build.0 = Debug|Any CPU
		{05B7B273-60C6-47BC-BFB2-EA2C96B87273}.Release|Any CPU.ActiveCfg = Release|Any CPU
		{05B7B273-60C6-47BC-BFB2-EA2C96B87273}.Release|Any CPU.Build.0 = Release|Any CPU
	EndGlobalSection
	GlobalSection(SolutionProperties) = preSolution
		HideSolutionNode = FALSE
	EndGlobalSection
	GlobalSection(NestedProjects) = preSolution
		{B12DCE84-7BDC-48F5-8028-9B85C2F613C1} = {321B49A3-A7FB-4613-A304-F5AD4506426F}
		{032BD3C2-247C-4E30-90E2-05429BF8EBD7} = {321B49A3-A7FB-4613-A304-F5AD4506426F}
		{732F5C55-2415-4C6E-AADC-10B05B9A2E37} = {321B49A3-A7FB-4613-A304-F5AD4506426F}
		{A0877233-BC53-4DA7-A1DF-CCAE12899876} = {321B49A3-A7FB-4613-A304-F5AD4506426F}
		{1BDB5D8B-73D5-4A6B-B387-129419BCECFA} = {321B49A3-A7FB-4613-A304-F5AD4506426F}
		{02C693FB-C1AE-47B8-9391-9ACFB5F45E96} = {321B49A3-A7FB-4613-A304-F5AD4506426F}
		{0B8A507F-C61D-4188-8FCC-C1257F51DBD6} = {032BD3C2-247C-4E30-90E2-05429BF8EBD7}
		{0CA5910B-D887-4B58-BBF9-DA1F1942D0F7} = {732F5C55-2415-4C6E-AADC-10B05B9A2E37}
		{1713C913-12E2-46D4-99BA-C1E54384AB79} = {032BD3C2-247C-4E30-90E2-05429BF8EBD7}
		{1DF50C28-F24F-4F02-83D8-A312FEADC8D9} = {1713C913-12E2-46D4-99BA-C1E54384AB79}
		{05B7B273-60C6-47BC-BFB2-EA2C96B87273} = {032BD3C2-247C-4E30-90E2-05429BF8EBD7}
	EndGlobalSection
	GlobalSection(ExtensibilityGlobals) = postSolution
		SolutionGuid = {B026D6A6-0D95-41C4-90D0-6B7F7FE45EDB}
	EndGlobalSection
EndGlobal
